
Microsoft Visual Studio Solution File, Format Version 12.00
# Visual Studio 15
VisualStudioVersion = 15.0.28307.136
MinimumVisualStudioVersion = 10.0.40219.1
Project("{9A19103F-16F7-4668-BE54-9A1E7A4F7556}") = "WebApplication3", "WebApplication3\WebApplication3.csproj", "{3570B614-0F48-46F2-963B-667BFF343F3C}"
EndProject
Project("{E53339B2-1760-4266-BCC7-CA923CBCF16C}") = "docker-compose", "docker-compose.dcproj", "{C27E0C07-2E45-4D01-AA1F-5A34F783DC57}"
EndProject
Project("{2150E333-8FDC-42A3-9474-1A3956D46DE8}") = "Solution Items", "Solution Items", "{147DFC62-1B3A-452E-9D01-1A474B7DA65A}"
	ProjectSection(SolutionItems) = preProject
		README.md = README.md
	EndProjectSection
EndProject
Global
	GlobalSection(SolutionConfigurationPlatforms) = preSolution
		Debug|Any CPU = Debug|Any CPU
		Release|Any CPU = Release|Any CPU
	EndGlobalSection
	GlobalSection(ProjectConfigurationPlatforms) = postSolution
		{3570B614-0F48-46F2-963B-667BFF343F3C}.Debug|Any CPU.ActiveCfg = Debug|Any CPU
		{3570B614-0F48-46F2-963B-667BFF343F3C}.Debug|Any CPU.Build.0 = Debug|Any CPU
		{3570B614-0F48-46F2-963B-667BFF343F3C}.Release|Any CPU.ActiveCfg = Release|Any CPU
		{3570B614-0F48-46F2-963B-667BFF343F3C}.Release|Any CPU.Build.0 = Release|Any CPU
		{C27E0C07-2E45-4D01-AA1F-5A34F783DC57}.Debug|Any CPU.ActiveCfg = Debug|Any CPU
		{C27E0C07-2E45-4D01-AA1F-5A34F783DC57}.Debug|Any CPU.Build.0 = Debug|Any CPU
		{C27E0C07-2E45-4D01-AA1F-5A34F783DC57}.Release|Any CPU.ActiveCfg = Release|Any CPU
		{C27E0C07-2E45-4D01-AA1F-5A34F783DC57}.Release|Any CPU.Build.0 = Release|Any CPU
	EndGlobalSection
	GlobalSection(SolutionProperties) = preSolution
		HideSolutionNode = FALSE
	EndGlobalSection
	GlobalSection(ExtensibilityGlobals) = postSolution
		SolutionGuid = {AFA3AA2B-8425-4CED-BD20-31661632E231}
	EndGlobalSection
EndGlobal
